PODS:
  - JYCTransitionAnimation (0.1.0)

DEPENDENCIES:
  - JYCTransitionAnimation (from `../`)

EXTERNAL SOURCES:
  JYCTransitionAnimation:
    :path: "../"

SPEC CHECKSUMS:
  JYCTransitionAnimation: 5420581a1c94b089add57f4f0ed9a1ead94b9a07

PODFILE CHECKSUM: 8171670b165eccd68872f1d510b8be1acf48f5e6

COCOAPODS: 1.2.1
